
Microsoft Visual Studio Solution File, Format Version 12.00
# Visual Studio Version 17
VisualStudioVersion = 17.5.002.0
MinimumVisualStudioVersion = 10.0.40219.1
Project("{2150E333-8FDC-42A3-9474-1A3956D46DE8}") = "src", "src", "{C3C2218B-75DC-4411-8FD3-1AC5C8970879}"
EndProject
Project("{2150E333-8FDC-42A3-9474-1A3956D46DE8}") = "dotnet", "dotnet", "{80C9E141-9500-45F7-90AD-435885F71A1B}"
EndProject
Project("{9A19103F-16F7-4668-BE54-9A1E7A4F7556}") = "Pallas.NET", "src\dotnet\Pallas.NET\Pallas.NET.csproj", "{DCD7A568-7605-4135-A271-0C5A327B3A89}"
EndProject
Project("{9A19103F-16F7-4668-BE54-9A1E7A4F7556}") = "Pallas.NET.Test", "src\dotnet\Pallas.NET.Test\Pallas.NET.Test.csproj", "{FB26FB2D-50E6-4585-889A-8CF8ABBC8487}"
EndProject
Project("{9A19103F-16F7-4668-BE54-9A1E7A4F7556}") = "Pallas.NET.CLI", "src\dotnet\Pallas.NET.CLI\Pallas.NET.CLI.csproj", "{A51A8FD2-2EF9-4544-A951-A3F56C0FD938}"
EndProject
Global
	GlobalSection(SolutionConfigurationPlatforms) = preSolution
		Debug|Any CPU = Debug|Any CPU
		Release|Any CPU = Release|Any CPU
	EndGlobalSection
	GlobalSection(ProjectConfigurationPlatforms) = postSolution
		{DCD7A568-7605-4135-A271-0C5A327B3A89}.Debug|Any CPU.ActiveCfg = Debug|Any CPU
		{DCD7A568-7605-4135-A271-0C5A327B3A89}.Debug|Any CPU.Build.0 = Debug|Any CPU
		{DCD7A568-7605-4135-A271-0C5A327B3A89}.Release|Any CPU.ActiveCfg = Release|Any CPU
		{DCD7A568-7605-4135-A271-0C5A327B3A89}.Release|Any CPU.Build.0 = Release|Any CPU
		{FB26FB2D-50E6-4585-889A-8CF8ABBC8487}.Debug|Any CPU.ActiveCfg = Debug|Any CPU
		{FB26FB2D-50E6-4585-889A-8CF8ABBC8487}.Debug|Any CPU.Build.0 = Debug|Any CPU
		{FB26FB2D-50E6-4585-889A-8CF8ABBC8487}.Release|Any CPU.ActiveCfg = Release|Any CPU
		{FB26FB2D-50E6-4585-889A-8CF8ABBC8487}.Release|Any CPU.Build.0 = Release|Any CPU
		{A51A8FD2-2EF9-4544-A951-A3F56C0FD938}.Debug|Any CPU.ActiveCfg = Debug|Any CPU
		{A51A8FD2-2EF9-4544-A951-A3F56C0FD938}.Debug|Any CPU.Build.0 = Debug|Any CPU
		{A51A8FD2-2EF9-4544-A951-A3F56C0FD938}.Release|Any CPU.ActiveCfg = Release|Any CPU
		{A51A8FD2-2EF9-4544-A951-A3F56C0FD938}.Release|Any CPU.Build.0 = Release|Any CPU
	EndGlobalSection
	GlobalSection(SolutionProperties) = preSolution
		HideSolutionNode = FALSE
	EndGlobalSection
	GlobalSection(NestedProjects) = preSolution
		{80C9E141-9500-45F7-90AD-435885F71A1B} = {C3C2218B-75DC-4411-8FD3-1AC5C8970879}
		{DCD7A568-7605-4135-A271-0C5A327B3A89} = {80C9E141-9500-45F7-90AD-435885F71A1B}
		{FB26FB2D-50E6-4585-889A-8CF8ABBC8487} = {80C9E141-9500-45F7-90AD-435885F71A1B}
		{A51A8FD2-2EF9-4544-A951-A3F56C0FD938} = {80C9E141-9500-45F7-90AD-435885F71A1B}
	EndGlobalSection
	GlobalSection(ExtensibilityGlobals) = postSolution
		SolutionGuid = {8CF63904-2658-41FF-9754-02C82B7F2356}
	EndGlobalSection
EndGlobal
