
Microsoft Visual Studio Solution File, Format Version 12.00
# Visual Studio Version 17
VisualStudioVersion = 17.5.002.0
MinimumVisualStudioVersion = 10.0.40219.1
Project("{2150E333-8FDC-42A3-9474-1A3956D46DE8}") = "src", "src", "{36CA2476-CD51-43AB-8463-28D377DE0F43}"
EndProject
Project("{2150E333-8FDC-42A3-9474-1A3956D46DE8}") = "dotnet", "dotnet", "{5561BFFF-C733-4F08-A123-E4AB0760431A}"
EndProject
Project("{9A19103F-16F7-4668-BE54-9A1E7A4F7556}") = "Pallas.NET", "src\dotnet\Pallas.NET\Pallas.NET.csproj", "{3676FDDE-7542-4731-904E-ED0C4C44DE11}"
EndProject
Project("{9A19103F-16F7-4668-BE54-9A1E7A4F7556}") = "Pallas.NET.Test", "src\dotnet\Pallas.NET.Test\Pallas.NET.Test.csproj", "{653189BA-6AC1-4EC9-8441-00D2863397FA}"
EndProject
Project("{9A19103F-16F7-4668-BE54-9A1E7A4F7556}") = "Pallas.NET.CLI", "src\dotnet\Pallas.NET.CLI\Pallas.NET.CLI.csproj", "{B7D567F6-F603-427E-B67F-39FBE63F7BD3}"
EndProject
Global
	GlobalSection(SolutionConfigurationPlatforms) = preSolution
		Debug|Any CPU = Debug|Any CPU
		Release|Any CPU = Release|Any CPU
	EndGlobalSection
	GlobalSection(ProjectConfigurationPlatforms) = postSolution
		{3676FDDE-7542-4731-904E-ED0C4C44DE11}.Debug|Any CPU.ActiveCfg = Debug|Any CPU
		{3676FDDE-7542-4731-904E-ED0C4C44DE11}.Debug|Any CPU.Build.0 = Debug|Any CPU
		{3676FDDE-7542-4731-904E-ED0C4C44DE11}.Release|Any CPU.ActiveCfg = Release|Any CPU
		{3676FDDE-7542-4731-904E-ED0C4C44DE11}.Release|Any CPU.Build.0 = Release|Any CPU
		{653189BA-6AC1-4EC9-8441-00D2863397FA}.Debug|Any CPU.ActiveCfg = Debug|Any CPU
		{653189BA-6AC1-4EC9-8441-00D2863397FA}.Debug|Any CPU.Build.0 = Debug|Any CPU
		{653189BA-6AC1-4EC9-8441-00D2863397FA}.Release|Any CPU.ActiveCfg = Release|Any CPU
		{653189BA-6AC1-4EC9-8441-00D2863397FA}.Release|Any CPU.Build.0 = Release|Any CPU
		{B7D567F6-F603-427E-B67F-39FBE63F7BD3}.Debug|Any CPU.ActiveCfg = Debug|Any CPU
		{B7D567F6-F603-427E-B67F-39FBE63F7BD3}.Debug|Any CPU.Build.0 = Debug|Any CPU
		{B7D567F6-F603-427E-B67F-39FBE63F7BD3}.Release|Any CPU.ActiveCfg = Release|Any CPU
		{B7D567F6-F603-427E-B67F-39FBE63F7BD3}.Release|Any CPU.Build.0 = Release|Any CPU
	EndGlobalSection
	GlobalSection(SolutionProperties) = preSolution
		HideSolutionNode = FALSE
	EndGlobalSection
	GlobalSection(NestedProjects) = preSolution
		{5561BFFF-C733-4F08-A123-E4AB0760431A} = {36CA2476-CD51-43AB-8463-28D377DE0F43}
		{3676FDDE-7542-4731-904E-ED0C4C44DE11} = {5561BFFF-C733-4F08-A123-E4AB0760431A}
		{653189BA-6AC1-4EC9-8441-00D2863397FA} = {5561BFFF-C733-4F08-A123-E4AB0760431A}
		{B7D567F6-F603-427E-B67F-39FBE63F7BD3} = {5561BFFF-C733-4F08-A123-E4AB0760431A}
	EndGlobalSection
	GlobalSection(ExtensibilityGlobals) = postSolution
		SolutionGuid = {62AF0E05-EB6D-4CC2-9D5E-1EAA7D73F67C}
	EndGlobalSection
EndGlobal
